Microsoft Visual Studio Solution File, Format Version 12.00
# Visual Studio 15
VisualStudioVersion = 15.0.28307.106
MinimumVisualStudioVersion = 10.0.40219.1
Project("{9A19103F-16F7-4668-BE54-9A1E7A4F7556}") = "test_basic_deviation_rt_2cae28f2d", "test_basic_deviation_rt_2cae28f2d.csproj", "{18E118CF-A88C-7177-4752-34E6EB94920D}"
EndProject
Global
    GlobalSection(SolutionConfigurationPlatforms) = preSolution
        Debug|Any CPU = Debug|Any CPU
        Release|Any CPU = Release|Any CPU
    EndGlobalSection
    GlobalSection(ProjectConfigurationPlatforms) = postSolution
        {18E118CF-A88C-7177-4752-34E6EB94920D}.Debug|Any CPU.ActiveCfg = Debug|Any CPU
        {18E118CF-A88C-7177-4752-34E6EB94920D}.Debug|Any CPU.Build.0 = Debug|Any CPU
        {18E118CF-A88C-7177-4752-34E6EB94920D}.Release|Any CPU.ActiveCfg = Release|Any CPU
        {18E118CF-A88C-7177-4752-34E6EB94920D}.Release|Any CPU.Build.0 = Release|Any CPU
    EndGlobalSection
    GlobalSection(SolutionProperties) = preSolution
        HideSolutionNode = FALSE
    EndGlobalSection
EndGlobal
